
Microsoft Visual Studio Solution File, Format Version 12.00
# Visual Studio Version 17
VisualStudioVersion = 17.0.31903.59
MinimumVisualStudioVersion = 10.0.40219.1
Project("{FAE04EC0-301F-11D3-BF4B-00C04F79EFBC}") = "API", "API\API.csproj", "{54CF2E5A-C756-4C0E-B798-D1FED68A2A69}"
EndProject
Project("{FAE04EC0-301F-11D3-BF4B-00C04F79EFBC}") = "Application", "Application\Application.csproj", "{9C268D08-95E8-4436-AD9B-8569AF3A6BB0}"
EndProject
Project("{FAE04EC0-301F-11D3-BF4B-00C04F79EFBC}") = "Persistence", "Persistence\Persistence.csproj", "{BDB9BA41-751E-4366-A3CA-31A294908D45}"
EndProject
Project("{FAE04EC0-301F-11D3-BF4B-00C04F79EFBC}") = "Domain", "Domain\Domain.csproj", "{62F58C9E-5D9B-4860-BA06-0354E2C7D07F}"
EndProject
Global
	GlobalSection(SolutionConfigurationPlatforms) = preSolution
		Debug|Any CPU = Debug|Any CPU
		Release|Any CPU = Release|Any CPU
	EndGlobalSection
	GlobalSection(SolutionProperties) = preSolution
		HideSolutionNode = FALSE
	EndGlobalSection
	GlobalSection(ProjectConfigurationPlatforms) = postSolution
		{54CF2E5A-C756-4C0E-B798-D1FED68A2A69}.Debug|Any CPU.ActiveCfg = Debug|Any CPU
		{54CF2E5A-C756-4C0E-B798-D1FED68A2A69}.Debug|Any CPU.Build.0 = Debug|Any CPU
		{54CF2E5A-C756-4C0E-B798-D1FED68A2A69}.Release|Any CPU.ActiveCfg = Release|Any CPU
		{54CF2E5A-C756-4C0E-B798-D1FED68A2A69}.Release|Any CPU.Build.0 = Release|Any CPU
		{9C268D08-95E8-4436-AD9B-8569AF3A6BB0}.Debug|Any CPU.ActiveCfg = Debug|Any CPU
		{9C268D08-95E8-4436-AD9B-8569AF3A6BB0}.Debug|Any CPU.Build.0 = Debug|Any CPU
		{9C268D08-95E8-4436-AD9B-8569AF3A6BB0}.Release|Any CPU.ActiveCfg = Release|Any CPU
		{9C268D08-95E8-4436-AD9B-8569AF3A6BB0}.Release|Any CPU.Build.0 = Release|Any CPU
		{BDB9BA41-751E-4366-A3CA-31A294908D45}.Debug|Any CPU.ActiveCfg = Debug|Any CPU
		{BDB9BA41-751E-4366-A3CA-31A294908D45}.Debug|Any CPU.Build.0 = Debug|Any CPU
		{BDB9BA41-751E-4366-A3CA-31A294908D45}.Release|Any CPU.ActiveCfg = Release|Any CPU
		{BDB9BA41-751E-4366-A3CA-31A294908D45}.Release|Any CPU.Build.0 = Release|Any CPU
		{62F58C9E-5D9B-4860-BA06-0354E2C7D07F}.Debug|Any CPU.ActiveCfg = Debug|Any CPU
		{62F58C9E-5D9B-4860-BA06-0354E2C7D07F}.Debug|Any CPU.Build.0 = Debug|Any CPU
		{62F58C9E-5D9B-4860-BA06-0354E2C7D07F}.Release|Any CPU.ActiveCfg = Release|Any CPU
		{62F58C9E-5D9B-4860-BA06-0354E2C7D07F}.Release|Any CPU.Build.0 = Release|Any CPU
	EndGlobalSection
EndGlobal
